
Microsoft Visual Studio Solution File, Format Version 12.00
# Visual Studio 2013
VisualStudioVersion = 12.0.31101.0
MinimumVisualStudioVersion = 10.0.40219.1
Project("{8BC9CEB8-8B4A-11D0-8D11-00A0C91BC942}") = "pat1001", "pat1001\pat1001.vcxproj", "{A5D03C97-E847-40E1-BA93-E0EA5CFBEE85}"
EndProject
Project("{8BC9CEB8-8B4A-11D0-8D11-00A0C91BC942}") = "pat1002", "pat1002\pat1002.vcxproj", "{D2B4CD84-9C85-4942-90FD-0E9DCB12093E}"
EndProject
Project("{8BC9CEB8-8B4A-11D0-8D11-00A0C91BC942}") = "pat1003", "pat1003\pat1003.vcxproj", "{40821B2A-1FC9-4BEC-84C8-C562EA4A7DF7}"
EndProject
Project("{8BC9CEB8-8B4A-11D0-8D11-00A0C91BC942}") = "pat1004", "pat1004\pat1004.vcxproj", "{E26E7DA3-70F4-4D6A-8DB8-78AB7E97EFB4}"
EndProject
Project("{8BC9CEB8-8B4A-11D0-8D11-00A0C91BC942}") = "pat1005", "pat1005\pat1005.vcxproj", "{FF4B6C06-0DFE-427A-8D6B-23886BAE9071}"
EndProject
Project("{8BC9CEB8-8B4A-11D0-8D11-00A0C91BC942}") = "pat1006", "pat1006\pat1006.vcxproj", "{609290DA-9CA6-4521-8B97-623CB75C916E}"
EndProject
Project("{8BC9CEB8-8B4A-11D0-8D11-00A0C91BC942}") = "pat1007", "pat1007\pat1007.vcxproj", "{E4972003-D084-4E20-82F8-9F4F03D468F4}"
EndProject
Project("{8BC9CEB8-8B4A-11D0-8D11-00A0C91BC942}") = "pat1008", "pat1008\pat1008.vcxproj", "{496E60F0-1244-4724-95F9-B2DB57DA9DE4}"
EndProject
Project("{8BC9CEB8-8B4A-11D0-8D11-00A0C91BC942}") = "pat1009", "pat1009\pat1009.vcxproj", "{964590A2-2100-4D25-BE7E-D0000FCFFD4C}"
EndProject
Project("{8BC9CEB8-8B4A-11D0-8D11-00A0C91BC942}") = "pat1010", "pat1010\pat1010.vcxproj", "{042CE8ED-C12D-4598-A144-3103495CC2EA}"
EndProject
Project("{8BC9CEB8-8B4A-11D0-8D11-00A0C91BC942}") = "pat1011", "pat1011\pat1011.vcxproj", "{1DD1BBDF-522B-4774-9484-E2208092EFAF}"
EndProject
Project("{8BC9CEB8-8B4A-11D0-8D11-00A0C91BC942}") = "pat1012", "pat1012\pat1012.vcxproj", "{20E0A08F-9091-4A17-A242-4750900AEC83}"
EndProject
Project("{8BC9CEB8-8B4A-11D0-8D11-00A0C91BC942}") = "pat1013", "pat1013\pat1013.vcxproj", "{2A4F4A1C-263B-4C4F-8EDA-951B99075328}"
EndProject
Project("{8BC9CEB8-8B4A-11D0-8D11-00A0C91BC942}") = "pat1014", "pat1014\pat1014.vcxproj", "{A84B1D54-0A57-4A6F-BD90-8FE91D27DAE0}"
EndProject
Project("{8BC9CEB8-8B4A-11D0-8D11-00A0C91BC942}") = "pat1015", "pat1015\pat1015.vcxproj", "{0B7AB3F1-0BB1-48F7-80B8-183FCA2B4F72}"
EndProject
Project("{8BC9CEB8-8B4A-11D0-8D11-00A0C91BC942}") = "pat1016", "pat1016\pat1016.vcxproj", "{1EF3AB9A-9BF5-4FE4-B684-C2CB9841EA91}"
EndProject
Project("{8BC9CEB8-8B4A-11D0-8D11-00A0C91BC942}") = "pat1017", "pat1017\pat1017.vcxproj", "{F0242875-B8FA-461A-850A-8ED154FBDB6F}"
EndProject
Project("{8BC9CEB8-8B4A-11D0-8D11-00A0C91BC942}") = "pat1018", "pat1018\pat1018.vcxproj", "{3A21B101-B4AC-4909-ACE0-B8372A4FC2B1}"
EndProject
Project("{8BC9CEB8-8B4A-11D0-8D11-00A0C91BC942}") = "pat1019", "pat1019\pat1019.vcxproj", "{ABC42730-C1AC-4C7B-8232-0DCDD4B3C490}"
EndProject
Project("{8BC9CEB8-8B4A-11D0-8D11-00A0C91BC942}") = "pat1020", "pat1020\pat1020.vcxproj", "{EFDCD58F-63DB-477A-A660-1EDEE799E225}"
EndProject
Project("{8BC9CEB8-8B4A-11D0-8D11-00A0C91BC942}") = "pat1021", "pat1021\pat1021.vcxproj", "{8708D7E7-25E4-48F5-A033-0432AA61AF6A}"
EndProject
Project("{8BC9CEB8-8B4A-11D0-8D11-00A0C91BC942}") = "pat1022", "pat1022\pat1022.vcxproj", "{7BE0DED0-DB5B-452C-8041-A7A37AEAA638}"
EndProject
Project("{8BC9CEB8-8B4A-11D0-8D11-00A0C91BC942}") = "pat1023", "pat1023\pat1023.vcxproj", "{ABD2FAC2-758A-47E6-AA73-6DFB1727F7CA}"
EndProject
Project("{8BC9CEB8-8B4A-11D0-8D11-00A0C91BC942}") = "pat1024", "pat1024\pat1024.vcxproj", "{22D9D0D4-1988-48E0-9F80-2AAF82948BCB}"
EndProject
Project("{8BC9CEB8-8B4A-11D0-8D11-00A0C91BC942}") = "pat1025", "pat1025\pat1025.vcxproj", "{31830BB9-CCA0-4779-85BA-848F95F5F003}"
EndProject
Project("{8BC9CEB8-8B4A-11D0-8D11-00A0C91BC942}") = "pat1026", "pat1026\pat1026.vcxproj", "{8921CD5C-FF31-4C3B-BE9D-AD847665D857}"
EndProject
Project("{8BC9CEB8-8B4A-11D0-8D11-00A0C91BC942}") = "pat1027", "pat1027\pat1027.vcxproj", "{385A475A-6809-4835-9656-2A4826F9C774}"
EndProject
Project("{8BC9CEB8-8B4A-11D0-8D11-00A0C91BC942}") = "pat1028", "pat1028\pat1028.vcxproj", "{5DB15078-64D0-49AB-BFCD-1139934A21EC}"
EndProject
Project("{8BC9CEB8-8B4A-11D0-8D11-00A0C91BC942}") = "pat1029", "pat1029\pat1029.vcxproj", "{45B534E5-FAAD-43BA-B0A6-6EF57FCE3AB3}"
EndProject
Project("{8BC9CEB8-8B4A-11D0-8D11-00A0C91BC942}") = "pat1030", "pat1030\pat1030.vcxproj", "{EB986870-0616-4292-94B0-4B3B6861A8BF}"
EndProject
Project("{8BC9CEB8-8B4A-11D0-8D11-00A0C91BC942}") = "pat1031", "pat1031\pat1031.vcxproj", "{7033A54B-4E0A-46F6-AF88-521502E56DB0}"
EndProject
Project("{8BC9CEB8-8B4A-11D0-8D11-00A0C91BC942}") = "pat1033", "pat1033\pat1033.vcxproj", "{C1F9BEC3-E614-459E-A033-5E2624362222}"
EndProject
Project("{8BC9CEB8-8B4A-11D0-8D11-00A0C91BC942}") = "pat1034", "pat1034\pat1034.vcxproj", "{2D11CCB1-C3F3-451A-917A-B6D09D4108B6}"
EndProject
Project("{8BC9CEB8-8B4A-11D0-8D11-00A0C91BC942}") = "pat1035", "pat1035\pat1035.vcxproj", "{DB0223F3-BBE5-423F-BD7D-EBE3B78B7CBB}"
EndProject
Project("{8BC9CEB8-8B4A-11D0-8D11-00A0C91BC942}") = "pat1036", "pat1036\pat1036.vcxproj", "{6442FE37-7FA9-4F5F-B693-B850D861EB58}"
EndProject
Project("{8BC9CEB8-8B4A-11D0-8D11-00A0C91BC942}") = "pat1037", "pat1037\pat1037.vcxproj", "{2DB3AC90-83A7-4356-91BC-A0C33BA4C7EB}"
EndProject
Project("{8BC9CEB8-8B4A-11D0-8D11-00A0C91BC942}") = "pat1038", "pat1038\pat1038.vcxproj", "{5475C211-5FB8-4CE3-9ACD-2E88A1CF74C6}"
EndProject
Project("{8BC9CEB8-8B4A-11D0-8D11-00A0C91BC942}") = "pat1039", "pat1039\pat1039.vcxproj", "{95F0AB1B-504D-407F-8094-524AA2B02EB4}"
EndProject
Project("{8BC9CEB8-8B4A-11D0-8D11-00A0C91BC942}") = "pat1040", "pat1040\pat1040.vcxproj", "{EFC679ED-6DE4-413E-839E-7758A7AE5C59}"
EndProject
Project("{8BC9CEB8-8B4A-11D0-8D11-00A0C91BC942}") = "pat1041", "pat1041\pat1041.vcxproj", "{8ECE9DE9-EF4A-497B-A66D-B5546C00D733}"
EndProject
Project("{8BC9CEB8-8B4A-11D0-8D11-00A0C91BC942}") = "pat1042", "pat1042\pat1042.vcxproj", "{E30E1C03-C43C-4095-9EAF-0A3E0C699211}"
EndProject
Project("{8BC9CEB8-8B4A-11D0-8D11-00A0C91BC942}") = "pat1043", "pat1043\pat1043.vcxproj", "{76D5EB1A-2152-42A5-9F9E-E5C9B1EBEB17}"
EndProject
Project("{8BC9CEB8-8B4A-11D0-8D11-00A0C91BC942}") = "pat1044", "pat1044\pat1044.vcxproj", "{E87A21FE-CABE-4327-998A-78774DED880F}"
EndProject
Project("{8BC9CEB8-8B4A-11D0-8D11-00A0C91BC942}") = "pat1046", "pat1046\pat1046.vcxproj", "{DA10117B-842C-4980-B024-2AF29F5E0A18}"
EndProject
Project("{8BC9CEB8-8B4A-11D0-8D11-00A0C91BC942}") = "pat1047", "pat1047\pat1047.vcxproj", "{D4C7F23B-62B4-48F1-A2F0-2B0CFEA9C0FE}"
EndProject
Project("{8BC9CEB8-8B4A-11D0-8D11-00A0C91BC942}") = "pat1048", "pat1048\pat1048.vcxproj", "{C5538B78-E1EA-494A-8CAD-1C8B8D24E393}"
EndProject
Project("{8BC9CEB8-8B4A-11D0-8D11-00A0C91BC942}") = "pat1049", "pat1049\pat1049.vcxproj", "{AA4D2ABE-6BFA-4355-9C62-055A07799743}"
EndProject
Project("{8BC9CEB8-8B4A-11D0-8D11-00A0C91BC942}") = "pat1050", "pat1050\pat1050.vcxproj", "{0972469E-8251-451D-8120-2CAC5F3EF1BD}"
EndProject
Project("{8BC9CEB8-8B4A-11D0-8D11-00A0C91BC942}") = "pat1051", "pat1051\pat1051.vcxproj", "{08DBB304-8EE5-4AB5-B680-EE891B72F640}"
EndProject
Project("{8BC9CEB8-8B4A-11D0-8D11-00A0C91BC942}") = "pat1052", "pat1052\pat1052.vcxproj", "{52243818-23CC-4A5B-901E-AB4C855CC41D}"
EndProject
Project("{8BC9CEB8-8B4A-11D0-8D11-00A0C91BC942}") = "pat1053", "pat1053\pat1053.vcxproj", "{7789F8E9-C8B9-4A12-92BA-D91BF15B22BF}"
EndProject
Global
	GlobalSection(SolutionConfigurationPlatforms) = preSolution
		Debug|Win32 = Debug|Win32
		Release|Win32 = Release|Win32
	EndGlobalSection
	GlobalSection(ProjectConfigurationPlatforms) = postSolution
		{A5D03C97-E847-40E1-BA93-E0EA5CFBEE85}.Debug|Win32.ActiveCfg = Debug|Win32
		{A5D03C97-E847-40E1-BA93-E0EA5CFBEE85}.Debug|Win32.Build.0 = Debug|Win32
		{A5D03C97-E847-40E1-BA93-E0EA5CFBEE85}.Release|Win32.ActiveCfg = Release|Win32
		{A5D03C97-E847-40E1-BA93-E0EA5CFBEE85}.Release|Win32.Build.0 = Release|Win32
		{D2B4CD84-9C85-4942-90FD-0E9DCB12093E}.Debug|Win32.ActiveCfg = Debug|Win32
		{D2B4CD84-9C85-4942-90FD-0E9DCB12093E}.Debug|Win32.Build.0 = Debug|Win32
		{D2B4CD84-9C85-4942-90FD-0E9DCB12093E}.Release|Win32.ActiveCfg = Release|Win32
		{D2B4CD84-9C85-4942-90FD-0E9DCB12093E}.Release|Win32.Build.0 = Release|Win32
		{40821B2A-1FC9-4BEC-84C8-C562EA4A7DF7}.Debug|Win32.ActiveCfg = Debug|Win32
		{40821B2A-1FC9-4BEC-84C8-C562EA4A7DF7}.Debug|Win32.Build.0 = Debug|Win32
		{40821B2A-1FC9-4BEC-84C8-C562EA4A7DF7}.Release|Win32.ActiveCfg = Release|Win32
		{40821B2A-1FC9-4BEC-84C8-C562EA4A7DF7}.Release|Win32.Build.0 = Release|Win32
		{E26E7DA3-70F4-4D6A-8DB8-78AB7E97EFB4}.Debug|Win32.ActiveCfg = Debug|Win32
		{E26E7DA3-70F4-4D6A-8DB8-78AB7E97EFB4}.Debug|Win32.Build.0 = Debug|Win32
		{E26E7DA3-70F4-4D6A-8DB8-78AB7E97EFB4}.Release|Win32.ActiveCfg = Release|Win32
		{E26E7DA3-70F4-4D6A-8DB8-78AB7E97EFB4}.Release|Win32.Build.0 = Release|Win32
		{FF4B6C06-0DFE-427A-8D6B-23886BAE9071}.Debug|Win32.ActiveCfg = Debug|Win32
		{FF4B6C06-0DFE-427A-8D6B-23886BAE9071}.Debug|Win32.Build.0 = Debug|Win32
		{FF4B6C06-0DFE-427A-8D6B-23886BAE9071}.Release|Win32.ActiveCfg = Release|Win32
		{FF4B6C06-0DFE-427A-8D6B-23886BAE9071}.Release|Win32.Build.0 = Release|Win32
		{609290DA-9CA6-4521-8B97-623CB75C916E}.Debug|Win32.ActiveCfg = Debug|Win32
		{609290DA-9CA6-4521-8B97-623CB75C916E}.Debug|Win32.Build.0 = Debug|Win32
		{609290DA-9CA6-4521-8B97-623CB75C916E}.Release|Win32.ActiveCfg = Release|Win32
		{609290DA-9CA6-4521-8B97-623CB75C916E}.Release|Win32.Build.0 = Release|Win32
		{E4972003-D084-4E20-82F8-9F4F03D468F4}.Debug|Win32.ActiveCfg = Debug|Win32
		{E4972003-D084-4E20-82F8-9F4F03D468F4}.Debug|Win32.Build.0 = Debug|Win32
		{E4972003-D084-4E20-82F8-9F4F03D468F4}.Release|Win32.ActiveCfg = Release|Win32
		{E4972003-D084-4E20-82F8-9F4F03D468F4}.Release|Win32.Build.0 = Release|Win32
		{496E60F0-1244-4724-95F9-B2DB57DA9DE4}.Debug|Win32.ActiveCfg = Debug|Win32
		{496E60F0-1244-4724-95F9-B2DB57DA9DE4}.Debug|Win32.Build.0 = Debug|Win32
		{496E60F0-1244-4724-95F9-B2DB57DA9DE4}.Release|Win32.ActiveCfg = Release|Win32
		{496E60F0-1244-4724-95F9-B2DB57DA9DE4}.Release|Win32.Build.0 = Release|Win32
		{964590A2-2100-4D25-BE7E-D0000FCFFD4C}.Debug|Win32.ActiveCfg = Debug|Win32
		{964590A2-2100-4D25-BE7E-D0000FCFFD4C}.Debug|Win32.Build.0 = Debug|Win32
		{964590A2-2100-4D25-BE7E-D0000FCFFD4C}.Release|Win32.ActiveCfg = Release|Win32
		{964590A2-2100-4D25-BE7E-D0000FCFFD4C}.Release|Win32.Build.0 = Release|Win32
		{042CE8ED-C12D-4598-A144-3103495CC2EA}.Debug|Win32.ActiveCfg = Debug|Win32
		{042CE8ED-C12D-4598-A144-3103495CC2EA}.Debug|Win32.Build.0 = Debug|Win32
		{042CE8ED-C12D-4598-A144-3103495CC2EA}.Release|Win32.ActiveCfg = Release|Win32
		{042CE8ED-C12D-4598-A144-3103495CC2EA}.Release|Win32.Build.0 = Release|Win32
		{1DD1BBDF-522B-4774-9484-E2208092EFAF}.Debug|Win32.ActiveCfg = Debug|Win32
		{1DD1BBDF-522B-4774-9484-E2208092EFAF}.Debug|Win32.Build.0 = Debug|Win32
		{1DD1BBDF-522B-4774-9484-E2208092EFAF}.Release|Win32.ActiveCfg = Release|Win32
		{1DD1BBDF-522B-4774-9484-E2208092EFAF}.Release|Win32.Build.0 = Release|Win32
		{20E0A08F-9091-4A17-A242-4750900AEC83}.Debug|Win32.ActiveCfg = Debug|Win32
		{20E0A08F-9091-4A17-A242-4750900AEC83}.Debug|Win32.Build.0 = Debug|Win32
		{20E0A08F-9091-4A17-A242-4750900AEC83}.Release|Win32.ActiveCfg = Release|Win32
		{20E0A08F-9091-4A17-A242-4750900AEC83}.Release|Win32.Build.0 = Release|Win32
		{2A4F4A1C-263B-4C4F-8EDA-951B99075328}.Debug|Win32.ActiveCfg = Debug|Win32
		{2A4F4A1C-263B-4C4F-8EDA-951B99075328}.Debug|Win32.Build.0 = Debug|Win32
		{2A4F4A1C-263B-4C4F-8EDA-951B99075328}.Release|Win32.ActiveCfg = Release|Win32
		{2A4F4A1C-263B-4C4F-8EDA-951B99075328}.Release|Win32.Build.0 = Release|Win32
		{A84B1D54-0A57-4A6F-BD90-8FE91D27DAE0}.Debug|Win32.ActiveCfg = Debug|Win32
		{A84B1D54-0A57-4A6F-BD90-8FE91D27DAE0}.Debug|Win32.Build.0 = Debug|Win32
		{A84B1D54-0A57-4A6F-BD90-8FE91D27DAE0}.Release|Win32.ActiveCfg = Release|Win32
		{A84B1D54-0A57-4A6F-BD90-8FE91D27DAE0}.Release|Win32.Build.0 = Release|Win32
		{0B7AB3F1-0BB1-48F7-80B8-183FCA2B4F72}.Debug|Win32.ActiveCfg = Debug|Win32
		{0B7AB3F1-0BB1-48F7-80B8-183FCA2B4F72}.Debug|Win32.Build.0 = Debug|Win32
		{0B7AB3F1-0BB1-48F7-80B8-183FCA2B4F72}.Release|Win32.ActiveCfg = Release|Win32
		{0B7AB3F1-0BB1-48F7-80B8-183FCA2B4F72}.Release|Win32.Build.0 = Release|Win32
		{1EF3AB9A-9BF5-4FE4-B684-C2CB9841EA91}.Debug|Win32.ActiveCfg = Debug|Win32
		{1EF3AB9A-9BF5-4FE4-B684-C2CB9841EA91}.Debug|Win32.Build.0 = Debug|Win32
		{1EF3AB9A-9BF5-4FE4-B684-C2CB9841EA91}.Release|Win32.ActiveCfg = Release|Win32
		{1EF3AB9A-9BF5-4FE4-B684-C2CB9841EA91}.Release|Win32.Build.0 = Release|Win32
		{F0242875-B8FA-461A-850A-8ED154FBDB6F}.Debug|Win32.ActiveCfg = Debug|Win32
		{F0242875-B8FA-461A-850A-8ED154FBDB6F}.Debug|Win32.Build.0 = Debug|Win32
		{F0242875-B8FA-461A-850A-8ED154FBDB6F}.Release|Win32.ActiveCfg = Release|Win32
		{F0242875-B8FA-461A-850A-8ED154FBDB6F}.Release|Win32.Build.0 = Release|Win32
		{3A21B101-B4AC-4909-ACE0-B8372A4FC2B1}.Debug|Win32.ActiveCfg = Debug|Win32
		{3A21B101-B4AC-4909-ACE0-B8372A4FC2B1}.Debug|Win32.Build.0 = Debug|Win32
		{3A21B101-B4AC-4909-ACE0-B8372A4FC2B1}.Release|Win32.ActiveCfg = Release|Win32
		{3A21B101-B4AC-4909-ACE0-B8372A4FC2B1}.Release|Win32.Build.0 = Release|Win32
		{ABC42730-C1AC-4C7B-8232-0DCDD4B3C490}.Debug|Win32.ActiveCfg = Debug|Win32
		{ABC42730-C1AC-4C7B-8232-0DCDD4B3C490}.Debug|Win32.Build.0 = Debug|Win32
		{ABC42730-C1AC-4C7B-8232-0DCDD4B3C490}.Release|Win32.ActiveCfg = Release|Win32
		{ABC42730-C1AC-4C7B-8232-0DCDD4B3C490}.Release|Win32.Build.0 = Release|Win32
		{EFDCD58F-63DB-477A-A660-1EDEE799E225}.Debug|Win32.ActiveCfg = Debug|Win32
		{EFDCD58F-63DB-477A-A660-1EDEE799E225}.Debug|Win32.Build.0 = Debug|Win32
		{EFDCD58F-63DB-477A-A660-1EDEE799E225}.Release|Win32.ActiveCfg = Release|Win32
		{EFDCD58F-63DB-477A-A660-1EDEE799E225}.Release|Win32.Build.0 = Release|Win32
		{8708D7E7-25E4-48F5-A033-0432AA61AF6A}.Debug|Win32.ActiveCfg = Debug|Win32
		{8708D7E7-25E4-48F5-A033-0432AA61AF6A}.Debug|Win32.Build.0 = Debug|Win32
		{8708D7E7-25E4-48F5-A033-0432AA61AF6A}.Release|Win32.ActiveCfg = Release|Win32
		{8708D7E7-25E4-48F5-A033-0432AA61AF6A}.Release|Win32.Build.0 = Release|Win32
		{7BE0DED0-DB5B-452C-8041-A7A37AEAA638}.Debug|Win32.ActiveCfg = Debug|Win32
		{7BE0DED0-DB5B-452C-8041-A7A37AEAA638}.Debug|Win32.Build.0 = Debug|Win32
		{7BE0DED0-DB5B-452C-8041-A7A37AEAA638}.Release|Win32.ActiveCfg = Release|Win32
		{7BE0DED0-DB5B-452C-8041-A7A37AEAA638}.Release|Win32.Build.0 = Release|Win32
		{ABD2FAC2-758A-47E6-AA73-6DFB1727F7CA}.Debug|Win32.ActiveCfg = Debug|Win32
		{ABD2FAC2-758A-47E6-AA73-6DFB1727F7CA}.Debug|Win32.Build.0 = Debug|Win32
		{ABD2FAC2-758A-47E6-AA73-6DFB1727F7CA}.Release|Win32.ActiveCfg = Release|Win32
		{ABD2FAC2-758A-47E6-AA73-6DFB1727F7CA}.Release|Win32.Build.0 = Release|Win32
		{22D9D0D4-1988-48E0-9F80-2AAF82948BCB}.Debug|Win32.ActiveCfg = Debug|Win32
		{22D9D0D4-1988-48E0-9F80-2AAF82948BCB}.Debug|Win32.Build.0 = Debug|Win32
		{22D9D0D4-1988-48E0-9F80-2AAF82948BCB}.Release|Win32.ActiveCfg = Release|Win32
		{22D9D0D4-1988-48E0-9F80-2AAF82948BCB}.Release|Win32.Build.0 = Release|Win32
		{31830BB9-CCA0-4779-85BA-848F95F5F003}.Debug|Win32.ActiveCfg = Debug|Win32
		{31830BB9-CCA0-4779-85BA-848F95F5F003}.Debug|Win32.Build.0 = Debug|Win32
		{31830BB9-CCA0-4779-85BA-848F95F5F003}.Release|Win32.ActiveCfg = Release|Win32
		{31830BB9-CCA0-4779-85BA-848F95F5F003}.Release|Win32.Build.0 = Release|Win32
		{8921CD5C-FF31-4C3B-BE9D-AD847665D857}.Debug|Win32.ActiveCfg = Debug|Win32
		{8921CD5C-FF31-4C3B-BE9D-AD847665D857}.Debug|Win32.Build.0 = Debug|Win32
		{8921CD5C-FF31-4C3B-BE9D-AD847665D857}.Release|Win32.ActiveCfg = Release|Win32
		{8921CD5C-FF31-4C3B-BE9D-AD847665D857}.Release|Win32.Build.0 = Release|Win32
		{385A475A-6809-4835-9656-2A4826F9C774}.Debug|Win32.ActiveCfg = Debug|Win32
		{385A475A-6809-4835-9656-2A4826F9C774}.Debug|Win32.Build.0 = Debug|Win32
		{385A475A-6809-4835-9656-2A4826F9C774}.Release|Win32.ActiveCfg = Release|Win32
		{385A475A-6809-4835-9656-2A4826F9C774}.Release|Win32.Build.0 = Release|Win32
		{5DB15078-64D0-49AB-BFCD-1139934A21EC}.Debug|Win32.ActiveCfg = Debug|Win32
		{5DB15078-64D0-49AB-BFCD-1139934A21EC}.Debug|Win32.Build.0 = Debug|Win32
		{5DB15078-64D0-49AB-BFCD-1139934A21EC}.Release|Win32.ActiveCfg = Release|Win32
		{5DB15078-64D0-49AB-BFCD-1139934A21EC}.Release|Win32.Build.0 = Release|Win32
		{45B534E5-FAAD-43BA-B0A6-6EF57FCE3AB3}.Debug|Win32.ActiveCfg = Debug|Win32
		{45B534E5-FAAD-43BA-B0A6-6EF57FCE3AB3}.Debug|Win32.Build.0 = Debug|Win32
		{45B534E5-FAAD-43BA-B0A6-6EF57FCE3AB3}.Release|Win32.ActiveCfg = Release|Win32
		{45B534E5-FAAD-43BA-B0A6-6EF57FCE3AB3}.Release|Win32.Build.0 = Release|Win32
		{EB986870-0616-4292-94B0-4B3B6861A8BF}.Debug|Win32.ActiveCfg = Debug|Win32
		{EB986870-0616-4292-94B0-4B3B6861A8BF}.Debug|Win32.Build.0 = Debug|Win32
		{EB986870-0616-4292-94B0-4B3B6861A8BF}.Release|Win32.ActiveCfg = Release|Win32
		{EB986870-0616-4292-94B0-4B3B6861A8BF}.Release|Win32.Build.0 = Release|Win32
		{7033A54B-4E0A-46F6-AF88-521502E56DB0}.Debug|Win32.ActiveCfg = Debug|Win32
		{7033A54B-4E0A-46F6-AF88-521502E56DB0}.Debug|Win32.Build.0 = Debug|Win32
		{7033A54B-4E0A-46F6-AF88-521502E56DB0}.Release|Win32.ActiveCfg = Release|Win32
		{7033A54B-4E0A-46F6-AF88-521502E56DB0}.Release|Win32.Build.0 = Release|Win32
		{C1F9BEC3-E614-459E-A033-5E2624362222}.Debug|Win32.ActiveCfg = Debug|Win32
		{C1F9BEC3-E614-459E-A033-5E2624362222}.Debug|Win32.Build.0 = Debug|Win32
		{C1F9BEC3-E614-459E-A033-5E2624362222}.Release|Win32.ActiveCfg = Release|Win32
		{C1F9BEC3-E614-459E-A033-5E2624362222}.Release|Win32.Build.0 = Release|Win32
		{2D11CCB1-C3F3-451A-917A-B6D09D4108B6}.Debug|Win32.ActiveCfg = Debug|Win32
		{2D11CCB1-C3F3-451A-917A-B6D09D4108B6}.Debug|Win32.Build.0 = Debug|Win32
		{2D11CCB1-C3F3-451A-917A-B6D09D4108B6}.Release|Win32.ActiveCfg = Release|Win32
		{2D11CCB1-C3F3-451A-917A-B6D09D4108B6}.Release|Win32.Build.0 = Release|Win32
		{DB0223F3-BBE5-423F-BD7D-EBE3B78B7CBB}.Debug|Win32.ActiveCfg = Debug|Win32
		{DB0223F3-BBE5-423F-BD7D-EBE3B78B7CBB}.Debug|Win32.Build.0 = Debug|Win32
		{DB0223F3-BBE5-423F-BD7D-EBE3B78B7CBB}.Release|Win32.ActiveCfg = Release|Win32
		{DB0223F3-BBE5-423F-BD7D-EBE3B78B7CBB}.Release|Win32.Build.0 = Release|Win32
		{6442FE37-7FA9-4F5F-B693-B850D861EB58}.Debug|Win32.ActiveCfg = Debug|Win32
		{6442FE37-7FA9-4F5F-B693-B850D861EB58}.Debug|Win32.Build.0 = Debug|Win32
		{6442FE37-7FA9-4F5F-B693-B850D861EB58}.Release|Win32.ActiveCfg = Release|Win32
		{6442FE37-7FA9-4F5F-B693-B850D861EB58}.Release|Win32.Build.0 = Release|Win32
		{2DB3AC90-83A7-4356-91BC-A0C33BA4C7EB}.Debug|Win32.ActiveCfg = Debug|Win32
		{2DB3AC90-83A7-4356-91BC-A0C33BA4C7EB}.Debug|Win32.Build.0 = Debug|Win32
		{2DB3AC90-83A7-4356-91BC-A0C33BA4C7EB}.Release|Win32.ActiveCfg = Release|Win32
		{2DB3AC90-83A7-4356-91BC-A0C33BA4C7EB}.Release|Win32.Build.0 = Release|Win32
		{5475C211-5FB8-4CE3-9ACD-2E88A1CF74C6}.Debug|Win32.ActiveCfg = Debug|Win32
		{5475C211-5FB8-4CE3-9ACD-2E88A1CF74C6}.Debug|Win32.Build.0 = Debug|Win32
		{5475C211-5FB8-4CE3-9ACD-2E88A1CF74C6}.Release|Win32.ActiveCfg = Release|Win32
		{5475C211-5FB8-4CE3-9ACD-2E88A1CF74C6}.Release|Win32.Build.0 = Release|Win32
		{95F0AB1B-504D-407F-8094-524AA2B02EB4}.Debug|Win32.ActiveCfg = Debug|Win32
		{95F0AB1B-504D-407F-8094-524AA2B02EB4}.Debug|Win32.Build.0 = Debug|Win32
		{95F0AB1B-504D-407F-8094-524AA2B02EB4}.Release|Win32.ActiveCfg = Release|Win32
		{95F0AB1B-504D-407F-8094-524AA2B02EB4}.Release|Win32.Build.0 = Release|Win32
		{EFC679ED-6DE4-413E-839E-7758A7AE5C59}.Debug|Win32.ActiveCfg = Debug|Win32
		{EFC679ED-6DE4-413E-839E-7758A7AE5C59}.Debug|Win32.Build.0 = Debug|Win32
		{EFC679ED-6DE4-413E-839E-7758A7AE5C59}.Release|Win32.ActiveCfg = Release|Win32
		{EFC679ED-6DE4-413E-839E-7758A7AE5C59}.Release|Win32.Build.0 = Release|Win32
		{8ECE9DE9-EF4A-497B-A66D-B5546C00D733}.Debug|Win32.ActiveCfg = Debug|Win32
		{8ECE9DE9-EF4A-497B-A66D-B5546C00D733}.Debug|Win32.Build.0 = Debug|Win32
		{8ECE9DE9-EF4A-497B-A66D-B5546C00D733}.Release|Win32.ActiveCfg = Release|Win32
		{8ECE9DE9-EF4A-497B-A66D-B5546C00D733}.Release|Win32.Build.0 = Release|Win32
		{E30E1C03-C43C-4095-9EAF-0A3E0C699211}.Debug|Win32.ActiveCfg = Debug|Win32
		{E30E1C03-C43C-4095-9EAF-0A3E0C699211}.Debug|Win32.Build.0 = Debug|Win32
		{E30E1C03-C43C-4095-9EAF-0A3E0C699211}.Release|Win32.ActiveCfg = Release|Win32
		{E30E1C03-C43C-4095-9EAF-0A3E0C699211}.Release|Win32.Build.0 = Release|Win32
		{76D5EB1A-2152-42A5-9F9E-E5C9B1EBEB17}.Debug|Win32.ActiveCfg = Debug|Win32
		{76D5EB1A-2152-42A5-9F9E-E5C9B1EBEB17}.Debug|Win32.Build.0 = Debug|Win32
		{76D5EB1A-2152-42A5-9F9E-E5C9B1EBEB17}.Release|Win32.ActiveCfg = Release|Win32
		{76D5EB1A-2152-42A5-9F9E-E5C9B1EBEB17}.Release|Win32.Build.0 = Release|Win32
		{E87A21FE-CABE-4327-998A-78774DED880F}.Debug|Win32.ActiveCfg = Debug|Win32
		{E87A21FE-CABE-4327-998A-78774DED880F}.Debug|Win32.Build.0 = Debug|Win32
		{E87A21FE-CABE-4327-998A-78774DED880F}.Release|Win32.ActiveCfg = Release|Win32
		{E87A21FE-CABE-4327-998A-78774DED880F}.Release|Win32.Build.0 = Release|Win32
		{DA10117B-842C-4980-B024-2AF29F5E0A18}.Debug|Win32.ActiveCfg = Debug|Win32
		{DA10117B-842C-4980-B024-2AF29F5E0A18}.Debug|Win32.Build.0 = Debug|Win32
		{DA10117B-842C-4980-B024-2AF29F5E0A18}.Release|Win32.ActiveCfg = Release|Win32
		{DA10117B-842C-4980-B024-2AF29F5E0A18}.Release|Win32.Build.0 = Release|Win32
		{D4C7F23B-62B4-48F1-A2F0-2B0CFEA9C0FE}.Debug|Win32.ActiveCfg = Debug|Win32
		{D4C7F23B-62B4-48F1-A2F0-2B0CFEA9C0FE}.Debug|Win32.Build.0 = Debug|Win32
		{D4C7F23B-62B4-48F1-A2F0-2B0CFEA9C0FE}.Release|Win32.ActiveCfg = Release|Win32
		{D4C7F23B-62B4-48F1-A2F0-2B0CFEA9C0FE}.Release|Win32.Build.0 = Release|Win32
		{C5538B78-E1EA-494A-8CAD-1C8B8D24E393}.Debug|Win32.ActiveCfg = Debug|Win32
		{C5538B78-E1EA-494A-8CAD-1C8B8D24E393}.Debug|Win32.Build.0 = Debug|Win32
		{C5538B78-E1EA-494A-8CAD-1C8B8D24E393}.Release|Win32.ActiveCfg = Release|Win32
		{C5538B78-E1EA-494A-8CAD-1C8B8D24E393}.Release|Win32.Build.0 = Release|Win32
		{AA4D2ABE-6BFA-4355-9C62-055A07799743}.Debug|Win32.ActiveCfg = Debug|Win32
		{AA4D2ABE-6BFA-4355-9C62-055A07799743}.Debug|Win32.Build.0 = Debug|Win32
		{AA4D2ABE-6BFA-4355-9C62-055A07799743}.Release|Win32.ActiveCfg = Release|Win32
		{AA4D2ABE-6BFA-4355-9C62-055A07799743}.Release|Win32.Build.0 = Release|Win32
		{0972469E-8251-451D-8120-2CAC5F3EF1BD}.Debug|Win32.ActiveCfg = Debug|Win32
		{0972469E-8251-451D-8120-2CAC5F3EF1BD}.Debug|Win32.Build.0 = Debug|Win32
		{0972469E-8251-451D-8120-2CAC5F3EF1BD}.Release|Win32.ActiveCfg = Release|Win32
		{0972469E-8251-451D-8120-2CAC5F3EF1BD}.Release|Win32.Build.0 = Release|Win32
		{08DBB304-8EE5-4AB5-B680-EE891B72F640}.Debug|Win32.ActiveCfg = Debug|Win32
		{08DBB304-8EE5-4AB5-B680-EE891B72F640}.Debug|Win32.Build.0 = Debug|Win32
		{08DBB304-8EE5-4AB5-B680-EE891B72F640}.Release|Win32.ActiveCfg = Release|Win32
		{08DBB304-8EE5-4AB5-B680-EE891B72F640}.Release|Win32.Build.0 = Release|Win32
		{52243818-23CC-4A5B-901E-AB4C855CC41D}.Debug|Win32.ActiveCfg = Debug|Win32
		{52243818-23CC-4A5B-901E-AB4C855CC41D}.Debug|Win32.Build.0 = Debug|Win32
		{52243818-23CC-4A5B-901E-AB4C855CC41D}.Release|Win32.ActiveCfg = Release|Win32
		{52243818-23CC-4A5B-901E-AB4C855CC41D}.Release|Win32.Build.0 = Release|Win32
		{7789F8E9-C8B9-4A12-92BA-D91BF15B22BF}.Debug|Win32.ActiveCfg = Debug|Win32
		{7789F8E9-C8B9-4A12-92BA-D91BF15B22BF}.Debug|Win32.Build.0 = Debug|Win32
		{7789F8E9-C8B9-4A12-92BA-D91BF15B22BF}.Release|Win32.ActiveCfg = Release|Win32
		{7789F8E9-C8B9-4A12-92BA-D91BF15B22BF}.Release|Win32.Build.0 = Release|Win32
	EndGlobalSection
	GlobalSection(SolutionProperties) = preSolution
		HideSolutionNode = FALSE
	EndGlobalSection
EndGlobal
